
Microsoft Visual Studio Solution File, Format Version 12.00
# Visual Studio Version 17
VisualStudioVersion = 17.13.35931.197 d17.13
MinimumVisualStudioVersion = 10.0.40219.1
Project("{FAE04EC0-301F-11D3-BF4B-00C04F79EFBC}") = "Bug_Tracking_System_Auth", "Bug_Tracking_System_Auth\Bug_Tracking_System_Auth.csproj", "{BB84ED64-56AF-45C6-AC0E-C70B5B86E50C}"
EndProject
Global
	GlobalSection(SolutionConfigurationPlatforms) = preSolution
		Debug|Any CPU = Debug|Any CPU
		Release|Any CPU = Release|Any CPU
	EndGlobalSection
	GlobalSection(ProjectConfigurationPlatforms) = postSolution
		{BB84ED64-56AF-45C6-AC0E-C70B5B86E50C}.Debug|Any CPU.ActiveCfg = Debug|Any CPU
		{BB84ED64-56AF-45C6-AC0E-C70B5B86E50C}.Debug|Any CPU.Build.0 = Debug|Any CPU
		{BB84ED64-56AF-45C6-AC0E-C70B5B86E50C}.Release|Any CPU.ActiveCfg = Release|Any CPU
		{BB84ED64-56AF-45C6-AC0E-C70B5B86E50C}.Release|Any CPU.Build.0 = Release|Any CPU
	EndGlobalSection
	GlobalSection(SolutionProperties) = preSolution
		HideSolutionNode = FALSE
	EndGlobalSection
	GlobalSection(ExtensibilityGlobals) = postSolution
		SolutionGuid = {27B0FA21-B016-447E-9AA1-AC72FF90C639}
	EndGlobalSection
EndGlobal
